
Microsoft Visual Studio Solution File, Format Version 12.00
# Visual Studio Version 16
VisualStudioVersion = 16.0.31605.320
MinimumVisualStudioVersion = 10.0.40219.1
Project("{FAE04EC0-301F-11D3-BF4B-00C04F79EFBC}") = "PlatformSpecificPractica.Android", "PlatformSpecificPractica\PlatformSpecificPractica.Android\PlatformSpecificPractica.Android.csproj", "{5234DB41-A796-4DEC-A265-A31B50B7BC7A}"
EndProject
Project("{FAE04EC0-301F-11D3-BF4B-00C04F79EFBC}") = "PlatformSpecificPractica.iOS", "PlatformSpecificPractica\PlatformSpecificPractica.iOS\PlatformSpecificPractica.iOS.csproj", "{B8A0180C-6D20-4B77-BBA7-7B31389DCE9D}"
EndProject
Project("{FAE04EC0-301F-11D3-BF4B-00C04F79EFBC}") = "PlatformSpecificPractica", "PlatformSpecificPractica\PlatformSpecificPractica\PlatformSpecificPractica.csproj", "{E533FBAB-3458-4DC9-870D-4E3CAA83BF67}"
EndProject
Global
	GlobalSection(SolutionConfigurationPlatforms) = preSolution
		Debug|Any CPU = Debug|Any CPU
		Debug|iPhone = Debug|iPhone
		Debug|iPhoneSimulator = Debug|iPhoneSimulator
		Release|Any CPU = Release|Any CPU
		Release|iPhone = Release|iPhone
		Release|iPhoneSimulator = Release|iPhoneSimulator
	EndGlobalSection
	GlobalSection(ProjectConfigurationPlatforms) = postSolution
		{5234DB41-A796-4DEC-A265-A31B50B7BC7A}.Debug|Any CPU.ActiveCfg = Debug|Any CPU
		{5234DB41-A796-4DEC-A265-A31B50B7BC7A}.Debug|Any CPU.Build.0 = Debug|Any CPU
		{5234DB41-A796-4DEC-A265-A31B50B7BC7A}.Debug|Any CPU.Deploy.0 = Debug|Any CPU
		{5234DB41-A796-4DEC-A265-A31B50B7BC7A}.Debug|iPhone.ActiveCfg = Debug|Any CPU
		{5234DB41-A796-4DEC-A265-A31B50B7BC7A}.Debug|iPhone.Build.0 = Debug|Any CPU
		{5234DB41-A796-4DEC-A265-A31B50B7BC7A}.Debug|iPhone.Deploy.0 = Debug|Any CPU
		{5234DB41-A796-4DEC-A265-A31B50B7BC7A}.Debug|iPhoneSimulator.ActiveCfg = Debug|Any CPU
		{5234DB41-A796-4DEC-A265-A31B50B7BC7A}.Debug|iPhoneSimulator.Build.0 = Debug|Any CPU
		{5234DB41-A796-4DEC-A265-A31B50B7BC7A}.Debug|iPhoneSimulator.Deploy.0 = Debug|Any CPU
		{5234DB41-A796-4DEC-A265-A31B50B7BC7A}.Release|Any CPU.ActiveCfg = Release|Any CPU
		{5234DB41-A796-4DEC-A265-A31B50B7BC7A}.Release|Any CPU.Build.0 = Release|Any CPU
		{5234DB41-A796-4DEC-A265-A31B50B7BC7A}.Release|Any CPU.Deploy.0 = Release|Any CPU
		{5234DB41-A796-4DEC-A265-A31B50B7BC7A}.Release|iPhone.ActiveCfg = Release|Any CPU
		{5234DB41-A796-4DEC-A265-A31B50B7BC7A}.Release|iPhone.Build.0 = Release|Any CPU
		{5234DB41-A796-4DEC-A265-A31B50B7BC7A}.Release|iPhone.Deploy.0 = Release|Any CPU
		{5234DB41-A796-4DEC-A265-A31B50B7BC7A}.Release|iPhoneSimulator.ActiveCfg = Release|Any CPU
		{5234DB41-A796-4DEC-A265-A31B50B7BC7A}.Release|iPhoneSimulator.Build.0 = Release|Any CPU
		{5234DB41-A796-4DEC-A265-A31B50B7BC7A}.Release|iPhoneSimulator.Deploy.0 = Release|Any CPU
		{B8A0180C-6D20-4B77-BBA7-7B31389DCE9D}.Debug|Any CPU.ActiveCfg = Debug|iPhone
		{B8A0180C-6D20-4B77-BBA7-7B31389DCE9D}.Debug|Any CPU.Build.0 = Debug|iPhone
		{B8A0180C-6D20-4B77-BBA7-7B31389DCE9D}.Debug|Any CPU.Deploy.0 = Debug|iPhone
		{B8A0180C-6D20-4B77-BBA7-7B31389DCE9D}.Debug|iPhone.ActiveCfg = Debug|iPhone
		{B8A0180C-6D20-4B77-BBA7-7B31389DCE9D}.Debug|iPhone.Build.0 = Debug|iPhone
		{B8A0180C-6D20-4B77-BBA7-7B31389DCE9D}.Debug|iPhone.Deploy.0 = Debug|iPhone
		{B8A0180C-6D20-4B77-BBA7-7B31389DCE9D}.Debug|iPhoneSimulator.ActiveCfg = Debug|iPhoneSimulator
		{B8A0180C-6D20-4B77-BBA7-7B31389DCE9D}.Debug|iPhoneSimulator.Build.0 = Debug|iPhoneSimulator
		{B8A0180C-6D20-4B77-BBA7-7B31389DCE9D}.Debug|iPhoneSimulator.Deploy.0 = Debug|iPhoneSimulator
		{B8A0180C-6D20-4B77-BBA7-7B31389DCE9D}.Release|Any CPU.ActiveCfg = Release|iPhoneSimulator
		{B8A0180C-6D20-4B77-BBA7-7B31389DCE9D}.Release|Any CPU.Build.0 = Release|iPhoneSimulator
		{B8A0180C-6D20-4B77-BBA7-7B31389DCE9D}.Release|Any CPU.Deploy.0 = Release|iPhoneSimulator
		{B8A0180C-6D20-4B77-BBA7-7B31389DCE9D}.Release|iPhone.ActiveCfg = Release|iPhone
		{B8A0180C-6D20-4B77-BBA7-7B31389DCE9D}.Release|iPhone.Build.0 = Release|iPhone
		{B8A0180C-6D20-4B77-BBA7-7B31389DCE9D}.Release|iPhone.Deploy.0 = Release|iPhone
		{B8A0180C-6D20-4B77-BBA7-7B31389DCE9D}.Release|iPhoneSimulator.ActiveCfg = Release|iPhoneSimulator
		{B8A0180C-6D20-4B77-BBA7-7B31389DCE9D}.Release|iPhoneSimulator.Build.0 = Release|iPhoneSimulator
		{B8A0180C-6D20-4B77-BBA7-7B31389DCE9D}.Release|iPhoneSimulator.Deploy.0 = Release|iPhoneSimulator
		{E533FBAB-3458-4DC9-870D-4E3CAA83BF67}.Debug|Any CPU.ActiveCfg = Debug|Any CPU
		{E533FBAB-3458-4DC9-870D-4E3CAA83BF67}.Debug|Any CPU.Build.0 = Debug|Any CPU
		{E533FBAB-3458-4DC9-870D-4E3CAA83BF67}.Debug|Any CPU.Deploy.0 = Debug|Any CPU
		{E533FBAB-3458-4DC9-870D-4E3CAA83BF67}.Debug|iPhone.ActiveCfg = Debug|Any CPU
		{E533FBAB-3458-4DC9-870D-4E3CAA83BF67}.Debug|iPhone.Build.0 = Debug|Any CPU
		{E533FBAB-3458-4DC9-870D-4E3CAA83BF67}.Debug|iPhone.Deploy.0 = Debug|Any CPU
		{E533FBAB-3458-4DC9-870D-4E3CAA83BF67}.Debug|iPhoneSimulator.ActiveCfg = Debug|Any CPU
		{E533FBAB-3458-4DC9-870D-4E3CAA83BF67}.Debug|iPhoneSimulator.Build.0 = Debug|Any CPU
		{E533FBAB-3458-4DC9-870D-4E3CAA83BF67}.Debug|iPhoneSimulator.Deploy.0 = Debug|Any CPU
		{E533FBAB-3458-4DC9-870D-4E3CAA83BF67}.Release|Any CPU.ActiveCfg = Release|Any CPU
		{E533FBAB-3458-4DC9-870D-4E3CAA83BF67}.Release|Any CPU.Build.0 = Release|Any CPU
		{E533FBAB-3458-4DC9-870D-4E3CAA83BF67}.Release|Any CPU.Deploy.0 = Release|Any CPU
		{E533FBAB-3458-4DC9-870D-4E3CAA83BF67}.Release|iPhone.ActiveCfg = Release|Any CPU
		{E533FBAB-3458-4DC9-870D-4E3CAA83BF67}.Release|iPhone.Build.0 = Release|Any CPU
		{E533FBAB-3458-4DC9-870D-4E3CAA83BF67}.Release|iPhone.Deploy.0 = Release|Any CPU
		{E533FBAB-3458-4DC9-870D-4E3CAA83BF67}.Release|iPhoneSimulator.ActiveCfg = Release|Any CPU
		{E533FBAB-3458-4DC9-870D-4E3CAA83BF67}.Release|iPhoneSimulator.Build.0 = Release|Any CPU
		{E533FBAB-3458-4DC9-870D-4E3CAA83BF67}.Release|iPhoneSimulator.Deploy.0 = Release|Any CPU
	EndGlobalSection
	GlobalSection(SolutionProperties) = preSolution
		HideSolutionNode = FALSE
	EndGlobalSection
	GlobalSection(ExtensibilityGlobals) = postSolution
		SolutionGuid = {C7914FFB-F1A5-4E34-856E-A69BAE668B5D}
	EndGlobalSection
EndGlobal
